// !$*UTF8*$!
{
	archiveVersion = 1;
	classes = {
	};
	objectVersion = 56;
	objects = {

/* Begin PBXBuildFile section */
		52717CC42C469B37008066D7 /* AppDelegate.swift in Sources */ = {isa = PBXBuildFile; fileRef = 52717CC32C469B37008066D7 /* AppDelegate.swift */; };
		52717CC62C469B37008066D7 /* SceneDelegate.swift in Sources */ = {isa = PBXBuildFile; fileRef = 52717CC52C469B37008066D7 /* SceneDelegate.swift */; };
		52717CC82C469B37008066D7 /* ViewController.swift in Sources */ = {isa = PBXBuildFile; fileRef = 52717CC72C469B37008066D7 /* ViewController.swift */; };
		52717CCB2C469B37008066D7 /* Base in Resources */ = {isa = PBXBuildFile; fileRef = 52717CCA2C469B37008066D7 /* Base */; };
		52717CCD2C469B39008066D7 /* Assets.xcassets in Resources */ = {isa = PBXBuildFile; fileRef = 52717CCC2C469B39008066D7 /* Assets.xcassets */; };
		52717CD02C469B39008066D7 /* Base in Resources */ = {isa = PBXBuildFile; fileRef = 52717CCF2C469B39008066D7 /* Base */; };
		52717CDB2C469B3A008066D7 /* carSensorAppTests.swift in Sources */ = {isa = PBXBuildFile; fileRef = 52717CDA2C469B3A008066D7 /* carSensorAppTests.swift */; };
		52717CE52C469B3A008066D7 /* carSensorAppUITests.swift in Sources */ = {isa = PBXBuildFile; fileRef = 52717CE42C469B3A008066D7 /* carSensorAppUITests.swift */; };
		52717CE72C469B3A008066D7 /* carSensorAppUITestsLaunchTests.swift in Sources */ = {isa = PBXBuildFile; fileRef = 52717CE62C469B3A008066D7 /* carSensorAppUITestsLaunchTests.swift */; };
		52717CF72C469DE8008066D7 /* SecondhandCarListViewController.swift in Sources */ = {isa = PBXBuildFile; fileRef = 52717CF62C469DE8008066D7 /* SecondhandCarListViewController.swift */; };
		52717CFA2C46A194008066D7 /* SecondhandCarTableViewCell.swift in Sources */ = {isa = PBXBuildFile; fileRef = 52717CF82C46A194008066D7 /* SecondhandCarTableViewCell.swift */; };
		52717CFB2C46A194008066D7 /* SecondhandCarTableViewCell.xib in Resources */ = {isa = PBXBuildFile; fileRef = 52717CF92C46A194008066D7 /* SecondhandCarTableViewCell.xib */; };
		52717CFD2C46AF2D008066D7 /* UIView+Border.swift in Sources */ = {isa = PBXBuildFile; fileRef = 52717CFC2C46AF2D008066D7 /* UIView+Border.swift */; };
/* End PBXBuildFile section */

/* Begin PBXContainerItemProxy section */
		52717CD72C469B3A008066D7 /* PBXContainerItemProxy */ = {
			isa = PBXContainerItemProxy;
			containerPortal = 52717CB82C469B36008066D7 /* Project object */;
			proxyType = 1;
			remoteGlobalIDString = 52717CBF2C469B37008066D7;
			remoteInfo = carSensorApp;
		};
		52717CE12C469B3A008066D7 /* PBXContainerItemProxy */ = {
			isa = PBXContainerItemProxy;
			containerPortal = 52717CB82C469B36008066D7 /* Project object */;
			proxyType = 1;
			remoteGlobalIDString = 52717CBF2C469B37008066D7;
			remoteInfo = carSensorApp;
		};
/* End PBXContainerItemProxy section */

/* Begin PBXFileReference section */
		52717CC02C469B37008066D7 /* carSensorApp.app */ = {isa = PBXFileReference; explicitFileType = wrapper.application; includeInIndex = 0; path = carSensorApp.app; sourceTree = BUILT_PRODUCTS_DIR; };
		52717CC32C469B37008066D7 /* AppDelegate.swift */ = {isa = PBXFileReference; lastKnownFileType = sourcecode.swift; path = AppDelegate.swift; sourceTree = "<group>"; };
		52717CC52C469B37008066D7 /* SceneDelegate.swift */ = {isa = PBXFileReference; lastKnownFileType = sourcecode.swift; path = SceneDelegate.swift; sourceTree = "<group>"; };
		52717CC72C469B37008066D7 /* ViewController.swift */ = {isa = PBXFileReference; lastKnownFileType = sourcecode.swift; path = ViewController.swift; sourceTree = "<group>"; };
		52717CCA2C469B37008066D7 /* Base */ = {isa = PBXFileReference; lastKnownFileType = file.storyboard; name = Base; path = Base.lproj/Main.storyboard; sourceTree = "<group>"; };
		52717CCC2C469B39008066D7 /* Assets.xcassets */ = {isa = PBXFileReference; lastKnownFileType = folder.assetcatalog; path = Assets.xcassets; sourceTree = "<group>"; };
		52717CCF2C469B39008066D7 /* Base */ = {isa = PBXFileReference; lastKnownFileType = file.storyboard; name = Base; path = Base.lproj/LaunchScreen.storyboard; sourceTree = "<group>"; };
		52717CD12C469B39008066D7 /* Info.plist */ = {isa = PBXFileReference; lastKnownFileType = text.plist.xml; path = Info.plist; sourceTree = "<group>"; };
		52717CD62C469B3A008066D7 /* carSensorAppTests.xctest */ = {isa = PBXFileReference; explicitFileType = wrapper.cfbundle; includeInIndex = 0; path = carSensorAppTests.xctest; sourceTree = BUILT_PRODUCTS_DIR; };
		52717CDA2C469B3A008066D7 /* carSensorAppTests.swift */ = {isa = PBXFileReference; lastKnownFileType = sourcecode.swift; path = carSensorAppTests.swift; sourceTree = "<group>"; };
		52717CE02C469B3A008066D7 /* carSensorAppUITests.xctest */ = {isa = PBXFileReference; explicitFileType = wrapper.cfbundle; includeInIndex = 0; path = carSensorAppUITests.xctest; sourceTree = BUILT_PRODUCTS_DIR; };
		52717CE42C469B3A008066D7 /* carSensorAppUITests.swift */ = {isa = PBXFileReference; lastKnownFileType = sourcecode.swift; path = carSensorAppUITests.swift; sourceTree = "<group>"; };
		52717CE62C469B3A008066D7 /* carSensorAppUITestsLaunchTests.swift */ = {isa = PBXFileReference; lastKnownFileType = sourcecode.swift; path = carSensorAppUITestsLaunchTests.swift; sourceTree = "<group>"; };
		52717CF62C469DE8008066D7 /* SecondhandCarListViewController.swift */ = {isa = PBXFileReference; lastKnownFileType = sourcecode.swift; path = SecondhandCarListViewController.swift; sourceTree = "<group>"; };
		52717CF82C46A194008066D7 /* SecondhandCarTableViewCell.swift */ = {isa = PBXFileReference; lastKnownFileType = sourcecode.swift; path = SecondhandCarTableViewCell.swift; sourceTree = "<group>"; };
		52717CF92C46A194008066D7 /* SecondhandCarTableViewCell.xib */ = {isa = PBXFileReference; lastKnownFileType = file.xib; path = SecondhandCarTableViewCell.xib; sourceTree = "<group>"; };
		52717CFC2C46AF2D008066D7 /* UIView+Border.swift */ = {isa = PBXFileReference; lastKnownFileType = sourcecode.swift; path = "UIView+Border.swift"; sourceTree = "<group>"; };
/* End PBXFileReference section */

/* Begin PBXFrameworksBuildPhase section */
		52717CBD2C469B37008066D7 /* Frameworks */ = {
			isa = PBXFrameworksBuildPhase;
			buildActionMask = 2147483647;
			files = (
			);
			runOnlyForDeploymentPostprocessing = 0;
		};
		52717CD32C469B3A008066D7 /* Frameworks */ = {
			isa = PBXFrameworksBuildPhase;
			buildActionMask = 2147483647;
			files = (
			);
			runOnlyForDeploymentPostprocessing = 0;
		};
		52717CDD2C469B3A008066D7 /* Frameworks */ = {
			isa = PBXFrameworksBuildPhase;
			buildActionMask = 2147483647;
			files = (
			);
			runOnlyForDeploymentPostprocessing = 0;
		};
/* End PBXFrameworksBuildPhase section */

/* Begin PBXGroup section */
		52717CB72C469B36008066D7 = {
			isa = PBXGroup;
			children = (
				52717CC22C469B37008066D7 /* carSensorApp */,
				52717CD92C469B3A008066D7 /* carSensorAppTests */,
				52717CE32C469B3A008066D7 /* carSensorAppUITests */,
				52717CC12C469B37008066D7 /* Products */,
			);
			sourceTree = "<group>";
		};
		52717CC12C469B37008066D7 /* Products */ = {
			isa = PBXGroup;
			children = (
				52717CC02C469B37008066D7 /* carSensorApp.app */,
				52717CD62C469B3A008066D7 /* carSensorAppTests.xctest */,
				52717CE02C469B3A008066D7 /* carSensorAppUITests.xctest */,
			);
			name = Products;
			sourceTree = "<group>";
		};
		52717CC22C469B37008066D7 /* carSensorApp */ = {
			isa = PBXGroup;
			children = (
				52717CF52C469D74008066D7 /* class */,
				52717CF42C469D69008066D7 /* custom */,
				52717CF32C469D60008066D7 /* model */,
				52717CC32C469B37008066D7 /* AppDelegate.swift */,
				52717CC52C469B37008066D7 /* SceneDelegate.swift */,
				52717CC72C469B37008066D7 /* ViewController.swift */,
				52717CC92C469B37008066D7 /* Main.storyboard */,
				52717CCC2C469B39008066D7 /* Assets.xcassets */,
				52717CCE2C469B39008066D7 /* LaunchScreen.storyboard */,
				52717CD12C469B39008066D7 /* Info.plist */,
				52717CFC2C46AF2D008066D7 /* UIView+Border.swift */,
			);
			path = carSensorApp;
			sourceTree = "<group>";
		};
		52717CD92C469B3A008066D7 /* carSensorAppTests */ = {
			isa = PBXGroup;
			children = (
				52717CDA2C469B3A008066D7 /* carSensorAppTests.swift */,
			);
			path = carSensorAppTests;
			sourceTree = "<group>";
		};
		52717CE32C469B3A008066D7 /* carSensorAppUITests */ = {
			isa = PBXGroup;
			children = (
				52717CE42C469B3A008066D7 /* carSensorAppUITests.swift */,
				52717CE62C469B3A008066D7 /* carSensorAppUITestsLaunchTests.swift */,
			);
			path = carSensorAppUITests;
			sourceTree = "<group>";
		};
		52717CF32C469D60008066D7 /* model */ = {
			isa = PBXGroup;
			children = (
			);
			path = model;
			sourceTree = "<group>";
		};
		52717CF42C469D69008066D7 /* custom */ = {
			isa = PBXGroup;
			children = (
				52717CF82C46A194008066D7 /* SecondhandCarTableViewCell.swift */,
				52717CF92C46A194008066D7 /* SecondhandCarTableViewCell.xib */,
			);
			path = custom;
			sourceTree = "<group>";
		};
		52717CF52C469D74008066D7 /* class */ = {
			isa = PBXGroup;
			children = (
				52717CF62C469DE8008066D7 /* SecondhandCarListViewController.swift */,
			);
			path = class;
			sourceTree = "<group>";
		};
/* End PBXGroup section */

/* Begin PBXNativeTarget section */
		52717CBF2C469B37008066D7 /* carSensorApp */ = {
			isa = PBXNativeTarget;
			buildConfigurationList = 52717CEA2C469B3A008066D7 /* Build configuration list for PBXNativeTarget "carSensorApp" */;
			buildPhases = (
				52717CBC2C469B37008066D7 /* Sources */,
				52717CBD2C469B37008066D7 /* Frameworks */,
				52717CBE2C469B37008066D7 /* Resources */,
			);
			buildRules = (
			);
			dependencies = (
			);
			name = carSensorApp;
			productName = carSensorApp;
			productReference = 52717CC02C469B37008066D7 /* carSensorApp.app */;
			productType = "com.apple.product-type.application";
		};
		52717CD52C469B3A008066D7 /* carSensorAppTests */ = {
			isa = PBXNativeTarget;
			buildConfigurationList = 52717CED2C469B3A008066D7 /* Build configuration list for PBXNativeTarget "carSensorAppTests" */;
			buildPhases = (
				52717CD22C469B3A008066D7 /* Sources */,
				52717CD32C469B3A008066D7 /* Frameworks */,
				52717CD42C469B3A008066D7 /* Resources */,
			);
			buildRules = (
			);
			dependencies = (
				52717CD82C469B3A008066D7 /* PBXTargetDependency */,
			);
			name = carSensorAppTests;
			productName = carSensorAppTests;
			productReference = 52717CD62C469B3A008066D7 /* carSensorAppTests.xctest */;
			productType = "com.apple.product-type.bundle.unit-test";
		};
		52717CDF2C469B3A008066D7 /* carSensorAppUITests */ = {
			isa = PBXNativeTarget;
			buildConfigurationList = 52717CF02C469B3A008066D7 /* Build configuration list for PBXNativeTarget "carSensorAppUITests" */;
			buildPhases = (
				52717CDC2C469B3A008066D7 /* Sources */,
				52717CDD2C469B3A008066D7 /* Frameworks */,
				52717CDE2C469B3A008066D7 /* Resources */,
			);
			buildRules = (
			);
			dependencies = (
				52717CE22C469B3A008066D7 /* PBXTargetDependency */,
			);
			name = carSensorAppUITests;
			productName = carSensorAppUITests;
			productReference = 52717CE02C469B3A008066D7 /* carSensorAppUITests.xctest */;
			productType = "com.apple.product-type.bundle.ui-testing";
		};
/* End PBXNativeTarget section */

/* Begin PBXProject section */
		52717CB82C469B36008066D7 /* Project object */ = {
			isa = PBXProject;
			attributes = {
				BuildIndependentTargetsInParallel = 1;
				LastSwiftUpdateCheck = 1530;
				LastUpgradeCheck = 1530;
				TargetAttributes = {
					52717CBF2C469B37008066D7 = {
						CreatedOnToolsVersion = 15.3;
					};
					52717CD52C469B3A008066D7 = {
						CreatedOnToolsVersion = 15.3;
						TestTargetID = 52717CBF2C469B37008066D7;
					};
					52717CDF2C469B3A008066D7 = {
						CreatedOnToolsVersion = 15.3;
						TestTargetID = 52717CBF2C469B37008066D7;
					};
				};
			};
			buildConfigurationList = 52717CBB2C469B36008066D7 /* Build configuration list for PBXProject "carSensorApp" */;
			compatibilityVersion = "Xcode 14.0";
			developmentRegion = en;
			hasScannedForEncodings = 0;
			knownRegions = (
				en,
				Base,
			);
			mainGroup = 52717CB72C469B36008066D7;
			productRefGroup = 52717CC12C469B37008066D7 /* Products */;
			projectDirPath = "";
			projectRoot = "";
			targets = (
				52717CBF2C469B37008066D7 /* carSensorApp */,
				52717CD52C469B3A008066D7 /* carSensorAppTests */,
				52717CDF2C469B3A008066D7 /* carSensorAppUITests */,
			);
		};
/* End PBXProject section */

/* Begin PBXResourcesBuildPhase section */
		52717CBE2C469B37008066D7 /* Resources */ = {
			isa = PBXResourcesBuildPhase;
			buildActionMask = 2147483647;
			files = (
				52717CCD2C469B39008066D7 /* Assets.xcassets in Resources */,
				52717CD02C469B39008066D7 /* Base in Resources */,
				52717CCB2C469B37008066D7 /* Base in Resources */,
				52717CFB2C46A194008066D7 /* SecondhandCarTableViewCell.xib in Resources */,
			);
			runOnlyForDeploymentPostprocessing = 0;
		};
		52717CD42C469B3A008066D7 /* Resources */ = {
			isa = PBXResourcesBuildPhase;
			buildActionMask = 2147483647;
			files = (
			);
			runOnlyForDeploymentPostprocessing = 0;
		};
		52717CDE2C469B3A008066D7 /* Resources */ = {
			isa = PBXResourcesBuildPhase;
			buildActionMask = 2147483647;
			files = (
			);
			runOnlyForDeploymentPostprocessing = 0;
		};
/* End PBXResourcesBuildPhase section */

/* Begin PBXSourcesBuildPhase section */
		52717CBC2C469B37008066D7 /* Sources */ = {
			isa = PBXSourcesBuildPhase;
			buildActionMask = 2147483647;
			files = (
				52717CF72C469DE8008066D7 /* SecondhandCarListViewController.swift in Sources */,
				52717CFA2C46A194008066D7 /* SecondhandCarTableViewCell.swift in Sources */,
				52717CFD2C46AF2D008066D7 /* UIView+Border.swift in Sources */,
				52717CC82C469B37008066D7 /* ViewController.swift in Sources */,
				52717CC42C469B37008066D7 /* AppDelegate.swift in Sources */,
				52717CC62C469B37008066D7 /* SceneDelegate.swift in Sources */,
			);
			runOnlyForDeploymentPostprocessing = 0;
		};
		52717CD22C469B3A008066D7 /* Sources */ = {
			isa = PBXSourcesBuildPhase;
			buildActionMask = 2147483647;
			files = (
				52717CDB2C469B3A008066D7 /* carSensorAppTests.swift in Sources */,
			);
			runOnlyForDeploymentPostprocessing = 0;
		};
		52717CDC2C469B3A008066D7 /* Sources */ = {
			isa = PBXSourcesBuildPhase;
			buildActionMask = 2147483647;
			files = (
				52717CE52C469B3A008066D7 /* carSensorAppUITests.swift in Sources */,
				52717CE72C469B3A008066D7 /* carSensorAppUITestsLaunchTests.swift in Sources */,
			);
			runOnlyForDeploymentPostprocessing = 0;
		};
/* End PBXSourcesBuildPhase section */

/* Begin PBXTargetDependency section */
		52717CD82C469B3A008066D7 /* PBXTargetDependency */ = {
			isa = PBXTargetDependency;
			target = 52717CBF2C469B37008066D7 /* carSensorApp */;
			targetProxy = 52717CD72C469B3A008066D7 /* PBXContainerItemProxy */;
		};
		52717CE22C469B3A008066D7 /* PBXTargetDependency */ = {
			isa = PBXTargetDependency;
			target = 52717CBF2C469B37008066D7 /* carSensorApp */;
			targetProxy = 52717CE12C469B3A008066D7 /* PBXContainerItemProxy */;
		};
/* End PBXTargetDependency section */

/* Begin PBXVariantGroup section */
		52717CC92C469B37008066D7 /* Main.storyboard */ = {
			isa = PBXVariantGroup;
			children = (
				52717CCA2C469B37008066D7 /* Base */,
			);
			name = Main.storyboard;
			sourceTree = "<group>";
		};
		52717CCE2C469B39008066D7 /* LaunchScreen.storyboard */ = {
			isa = PBXVariantGroup;
			children = (
				52717CCF2C469B39008066D7 /* Base */,
			);
			name = LaunchScreen.storyboard;
			sourceTree = "<group>";
		};
/* End PBXVariantGroup section */

/* Begin XCBuildConfiguration section */
		52717CE82C469B3A008066D7 /* Debug */ = {
			isa = XCBuildConfiguration;
			buildSettings = {
				ALWAYS_SEARCH_USER_PATHS = NO;
				ASSETCATALOG_COMPILER_GENERATE_SWIFT_ASSET_SYMBOL_EXTENSIONS = YES;
				CLANG_ANALYZER_NONNULL = YES;
				CLANG_ANALYZER_NUMBER_OBJECT_CONVERSION = YES_AGGRESSIVE;
				CLANG_CXX_LANGUAGE_STANDARD = "gnu++20";
				CLANG_ENABLE_MODULES = YES;
				CLANG_ENABLE_OBJC_ARC = YES;
				CLANG_ENABLE_OBJC_WEAK = YES;
				CLANG_WARN_BLOCK_CAPTURE_AUTORELEASING = YES;
				CLANG_WARN_BOOL_CONVERSION = YES;
				CLANG_WARN_COMMA = YES;
				CLANG_WARN_CONSTANT_CONVERSION = YES;
				CLANG_WARN_DEPRECATED_OBJC_IMPLEMENTATIONS = YES;
				CLANG_WARN_DIRECT_OBJC_ISA_USAGE = YES_ERROR;
				CLANG_WARN_DOCUMENTATION_COMMENTS = YES;
				CLANG_WARN_EMPTY_BODY = YES;
				CLANG_WARN_ENUM_CONVERSION = YES;
				CLANG_WARN_INFINITE_RECURSION = YES;
				CLANG_WARN_INT_CONVERSION = YES;
				CLANG_WARN_NON_LITERAL_NULL_CONVERSION = YES;
				CLANG_WARN_OBJC_IMPLICIT_RETAIN_SELF = YES;
				CLANG_WARN_OBJC_LITERAL_CONVERSION = YES;
				CLANG_WARN_OBJC_ROOT_CLASS = YES_ERROR;
				CLANG_WARN_QUOTED_INCLUDE_IN_FRAMEWORK_HEADER = YES;
				CLANG_WARN_RANGE_LOOP_ANALYSIS = YES;
				CLANG_WARN_STRICT_PROTOTYPES = YES;
				CLANG_WARN_SUSPICIOUS_MOVE = YES;
				CLANG_WARN_UNGUARDED_AVAILABILITY = YES_AGGRESSIVE;
				CLANG_WARN_UNREACHABLE_CODE = YES;
				CLANG_WARN__DUPLICATE_METHOD_MATCH = YES;
				COPY_PHASE_STRIP = NO;
				DEBUG_INFORMATION_FORMAT = dwarf;
				ENABLE_STRICT_OBJC_MSGSEND = YES;
				ENABLE_TESTABILITY = YES;
				ENABLE_USER_SCRIPT_SANDBOXING = YES;
				GCC_C_LANGUAGE_STANDARD = gnu17;
				GCC_DYNAMIC_NO_PIC = NO;
				GCC_NO_COMMON_BLOCKS = YES;
				GCC_OPTIMIZATION_LEVEL = 0;
				GCC_PREPROCESSOR_DEFINITIONS = (
					"DEBUG=1",
					"$(inherited)",
				);
				GCC_WARN_64_TO_32_BIT_CONVERSION = YES;
				GCC_WARN_ABOUT_RETURN_TYPE = YES_ERROR;
				GCC_WARN_UNDECLARED_SELECTOR = YES;
				GCC_WARN_UNINITIALIZED_AUTOS = YES_AGGRESSIVE;
				GCC_WARN_UNUSED_FUNCTION = YES;
				GCC_WARN_UNUSED_VARIABLE = YES;
				IPHONEOS_DEPLOYMENT_TARGET = 17.4;
				LOCALIZATION_PREFERS_STRING_CATALOGS = YES;
				MTL_ENABLE_DEBUG_INFO = INCLUDE_SOURCE;
				MTL_FAST_MATH = YES;
				ONLY_ACTIVE_ARCH = YES;
				SDKROOT = iphoneos;
				SWIFT_ACTIVE_COMPILATION_CONDITIONS = "DEBUG $(inherited)";
				SWIFT_OPTIMIZATION_LEVEL = "-Onone";
			};
			name = Debug;
		};
		52717CE92C469B3A008066D7 /* Release */ = {
			isa = XCBuildConfiguration;
			buildSettings = {
				ALWAYS_SEARCH_USER_PATHS = NO;
				ASSETCATALOG_COMPILER_GENERATE_SWIFT_ASSET_SYMBOL_EXTENSIONS = YES;
				CLANG_ANALYZER_NONNULL = YES;
				CLANG_ANALYZER_NUMBER_OBJECT_CONVERSION = YES_AGGRESSIVE;
				CLANG_CXX_LANGUAGE_STANDARD = "gnu++20";
				CLANG_ENABLE_MODULES = YES;
				CLANG_ENABLE_OBJC_ARC = YES;
				CLANG_ENABLE_OBJC_WEAK = YES;
				CLANG_WARN_BLOCK_CAPTURE_AUTORELEASING = YES;
				CLANG_WARN_BOOL_CONVERSION = YES;
				CLANG_WARN_COMMA = YES;
				CLANG_WARN_CONSTANT_CONVERSION = YES;
				CLANG_WARN_DEPRECATED_OBJC_IMPLEMENTATIONS = YES;
				CLANG_WARN_DIRECT_OBJC_ISA_USAGE = YES_ERROR;
				CLANG_WARN_DOCUMENTATION_COMMENTS = YES;
				CLANG_WARN_EMPTY_BODY = YES;
				CLANG_WARN_ENUM_CONVERSION = YES;
				CLANG_WARN_INFINITE_RECURSION = YES;
				CLANG_WARN_INT_CONVERSION = YES;
				CLANG_WARN_NON_LITERAL_NULL_CONVERSION = YES;
				CLANG_WARN_OBJC_IMPLICIT_RETAIN_SELF = YES;
				CLANG_WARN_OBJC_LITERAL_CONVERSION = YES;
				CLANG_WARN_OBJC_ROOT_CLASS = YES_ERROR;
				CLANG_WARN_QUOTED_INCLUDE_IN_FRAMEWORK_HEADER = YES;
				CLANG_WARN_RANGE_LOOP_ANALYSIS = YES;
				CLANG_WARN_STRICT_PROTOTYPES = YES;
				CLANG_WARN_SUSPICIOUS_MOVE = YES;
				CLANG_WARN_UNGUARDED_AVAILABILITY = YES_AGGRESSIVE;
				CLANG_WARN_UNREACHABLE_CODE = YES;
				CLANG_WARN__DUPLICATE_METHOD_MATCH = YES;
				COPY_PHASE_STRIP = NO;
				DEBUG_INFORMATION_FORMAT = "dwarf-with-dsym";
				ENABLE_NS_ASSERTIONS = NO;
				ENABLE_STRICT_OBJC_MSGSEND = YES;
				ENABLE_USER_SCRIPT_SANDBOXING = YES;
				GCC_C_LANGUAGE_STANDARD = gnu17;
				GCC_NO_COMMON_BLOCKS = YES;
				GCC_WARN_64_TO_32_BIT_CONVERSION = YES;
				GCC_WARN_ABOUT_RETURN_TYPE = YES_ERROR;
				GCC_WARN_UNDECLARED_SELECTOR = YES;
				GCC_WARN_UNINITIALIZED_AUTOS = YES_AGGRESSIVE;
				GCC_WARN_UNUSED_FUNCTION = YES;
				GCC_WARN_UNUSED_VARIABLE = YES;
				IPHONEOS_DEPLOYMENT_TARGET = 17.4;
				LOCALIZATION_PREFERS_STRING_CATALOGS = YES;
				MTL_ENABLE_DEBUG_INFO = NO;
				MTL_FAST_MATH = YES;
				SDKROOT = iphoneos;
				SWIFT_COMPILATION_MODE = wholemodule;
				VALIDATE_PRODUCT = YES;
			};
			name = Release;
		};
		52717CEB2C469B3A008066D7 /* Debug */ = {
			isa = XCBuildConfiguration;
			buildSettings = {
				ASSETCATALOG_COMPILER_APPICON_NAME = AppIcon;
				ASSETCATALOG_COMPILER_GLOBAL_ACCENT_COLOR_NAME = AccentColor;
				CODE_SIGN_STYLE = Automatic;
				CURRENT_PROJECT_VERSION = 1;
				GENERATE_INFOPLIST_FILE = YES;
				INFOPLIST_FILE = carSensorApp/Info.plist;
				INFOPLIST_KEY_UIApplicationSupportsIndirectInputEvents = YES;
				INFOPLIST_KEY_UILaunchStoryboardName = LaunchScreen;
				INFOPLIST_KEY_UIMainStoryboardFile = Main;
				INFOPLIST_KEY_UISupportedInterfaceOrientations_iPad = "UIInterfaceOrientationPortrait UIInterfaceOrientationPortraitUpsideDown UIInterfaceOrientationLandscapeLeft UIInterfaceOrientationLandscapeRight";
				INFOPLIST_KEY_UISupportedInterfaceOrientations_iPhone = "UIInterfaceOrientationPortrait UIInterfaceOrientationLandscapeLeft UIInterfaceOrientationLandscapeRight";
				LD_RUNPATH_SEARCH_PATHS = (
					"$(inherited)",
					"@executable_path/Frameworks",
				);
				MARKETING_VERSION = 1.0;
				PRODUCT_BUNDLE_IDENTIFIER = com.yuuki.carSensorApp;
				PRODUCT_NAME = "$(TARGET_NAME)";
				SWIFT_EMIT_LOC_STRINGS = YES;
				SWIFT_VERSION = 5.0;
				TARGETED_DEVICE_FAMILY = "1,2";
			};
			name = Debug;
		};
		52717CEC2C469B3A008066D7 /* Release */ = {
			isa = XCBuildConfiguration;
			buildSettings = {
				ASSETCATALOG_COMPILER_APPICON_NAME = AppIcon;
				ASSETCATALOG_COMPILER_GLOBAL_ACCENT_COLOR_NAME = AccentColor;
				CODE_SIGN_STYLE = Automatic;
				CURRENT_PROJECT_VERSION = 1;
				GENERATE_INFOPLIST_FILE = YES;
				INFOPLIST_FILE = carSensorApp/Info.plist;
				INFOPLIST_KEY_UIApplicationSupportsIndirectInputEvents = YES;
				INFOPLIST_KEY_UILaunchStoryboardName = LaunchScreen;
				INFOPLIST_KEY_UIMainStoryboardFile = Main;
				INFOPLIST_KEY_UISupportedInterfaceOrientations_iPad = "UIInterfaceOrientationPortrait UIInterfaceOrientationPortraitUpsideDown UIInterfaceOrientationLandscapeLeft UIInterfaceOrientationLandscapeRight";
				INFOPLIST_KEY_UISupportedInterfaceOrientations_iPhone = "UIInterfaceOrientationPortrait UIInterfaceOrientationLandscapeLeft UIInterfaceOrientationLandscapeRight";
				LD_RUNPATH_SEARCH_PATHS = (
					"$(inherited)",
					"@executable_path/Frameworks",
				);
				MARKETING_VERSION = 1.0;
				PRODUCT_BUNDLE_IDENTIFIER = com.yuuki.carSensorApp;
				PRODUCT_NAME = "$(TARGET_NAME)";
				SWIFT_EMIT_LOC_STRINGS = YES;
				SWIFT_VERSION = 5.0;
				TARGETED_DEVICE_FAMILY = "1,2";
			};
			name = Release;
		};
		52717CEE2C469B3A008066D7 /* Debug */ = {
			isa = XCBuildConfiguration;
			buildSettings = {
				ALWAYS_EMBED_SWIFT_STANDARD_LIBRARIES = YES;
				BUNDLE_LOADER = "$(TEST_HOST)";
				CODE_SIGN_STYLE = Automatic;
				CURRENT_PROJECT_VERSION = 1;
				GENERATE_INFOPLIST_FILE = YES;
				IPHONEOS_DEPLOYMENT_TARGET = 17.4;
				MARKETING_VERSION = 1.0;
				PRODUCT_BUNDLE_IDENTIFIER = com.yuuki.carSensorAppTests;
				PRODUCT_NAME = "$(TARGET_NAME)";
				SWIFT_EMIT_LOC_STRINGS = NO;
				SWIFT_VERSION = 5.0;
				TARGETED_DEVICE_FAMILY = "1,2";
				TEST_HOST = "$(BUILT_PRODUCTS_DIR)/carSensorApp.app/$(BUNDLE_EXECUTABLE_FOLDER_PATH)/carSensorApp";
			};
			name = Debug;
		};
		52717CEF2C469B3A008066D7 /* Release */ = {
			isa = XCBuildConfiguration;
			buildSettings = {
				ALWAYS_EMBED_SWIFT_STANDARD_LIBRARIES = YES;
				BUNDLE_LOADER = "$(TEST_HOST)";
				CODE_SIGN_STYLE = Automatic;
				CURRENT_PROJECT_VERSION = 1;
				GENERATE_INFOPLIST_FILE = YES;
				IPHONEOS_DEPLOYMENT_TARGET = 17.4;
				MARKETING_VERSION = 1.0;
				PRODUCT_BUNDLE_IDENTIFIER = com.yuuki.carSensorAppTests;
				PRODUCT_NAME = "$(TARGET_NAME)";
				SWIFT_EMIT_LOC_STRINGS = NO;
				SWIFT_VERSION = 5.0;
				TARGETED_DEVICE_FAMILY = "1,2";
				TEST_HOST = "$(BUILT_PRODUCTS_DIR)/carSensorApp.app/$(BUNDLE_EXECUTABLE_FOLDER_PATH)/carSensorApp";
			};
			name = Release;
		};
		52717CF12C469B3A008066D7 /* Debug */ = {
			isa = XCBuildConfiguration;
			buildSettings = {
				ALWAYS_EMBED_SWIFT_STANDARD_LIBRARIES = YES;
				CODE_SIGN_STYLE = Automatic;
				CURRENT_PROJECT_VERSION = 1;
				GENERATE_INFOPLIST_FILE = YES;
				MARKETING_VERSION = 1.0;
				PRODUCT_BUNDLE_IDENTIFIER = com.yuuki.carSensorAppUITests;
				PRODUCT_NAME = "$(TARGET_NAME)";
				SWIFT_EMIT_LOC_STRINGS = NO;
				SWIFT_VERSION = 5.0;
				TARGETED_DEVICE_FAMILY = "1,2";
				TEST_TARGET_NAME = carSensorApp;
			};
			name = Debug;
		};
		52717CF22C469B3A008066D7 /* Release */ = {
			isa = XCBuildConfiguration;
			buildSettings = {
				ALWAYS_EMBED_SWIFT_STANDARD_LIBRARIES = YES;
				CODE_SIGN_STYLE = Automatic;
				CURRENT_PROJECT_VERSION = 1;
				GENERATE_INFOPLIST_FILE = YES;
				MARKETING_VERSION = 1.0;
				PRODUCT_BUNDLE_IDENTIFIER = com.yuuki.carSensorAppUITests;
				PRODUCT_NAME = "$(TARGET_NAME)";
				SWIFT_EMIT_LOC_STRINGS = NO;
				SWIFT_VERSION = 5.0;
				TARGETED_DEVICE_FAMILY = "1,2";
				TEST_TARGET_NAME = carSensorApp;
			};
			name = Release;
		};
/* End XCBuildConfiguration section */

/* Begin XCConfigurationList section */
		52717CBB2C469B36008066D7 /* Build configuration list for PBXProject "carSensorApp" */ = {
			isa = XCConfigurationList;
			buildConfigurations = (
				52717CE82C469B3A008066D7 /* Debug */,
				52717CE92C469B3A008066D7 /* Release */,
			);
			defaultConfigurationIsVisible = 0;
			defaultConfigurationName = Release;
		};
		52717CEA2C469B3A008066D7 /* Build configuration list for PBXNativeTarget "carSensorApp" */ = {
			isa = XCConfigurationList;
			buildConfigurations = (
				52717CEB2C469B3A008066D7 /* Debug */,
				52717CEC2C469B3A008066D7 /* Release */,
			);
			defaultConfigurationIsVisible = 0;
			defaultConfigurationName = Release;
		};
		52717CED2C469B3A008066D7 /* Build configuration list for PBXNativeTarget "carSensorAppTests" */ = {
			isa = XCConfigurationList;
			buildConfigurations = (
				52717CEE2C469B3A008066D7 /* Debug */,
				52717CEF2C469B3A008066D7 /* Release */,
			);
			defaultConfigurationIsVisible = 0;
			defaultConfigurationName = Release;
		};
		52717CF02C469B3A008066D7 /* Build configuration list for PBXNativeTarget "carSensorAppUITests" */ = {
			isa = XCConfigurationList;
			buildConfigurations = (
				52717CF12C469B3A008066D7 /* Debug */,
				52717CF22C469B3A008066D7 /* Release */,
			);
			defaultConfigurationIsVisible = 0;
			defaultConfigurationName = Release;
		};
/* End XCConfigurationList section */
	};
	rootObject = 52717CB82C469B36008066D7 /* Project object */;
}
